
Microsoft Visual Studio Solution File, Format Version 12.00
# Visual Studio Version 17
VisualStudioVersion = 17.5.002.0
MinimumVisualStudioVersion = 10.0.40219.1
Project("{9A19103F-16F7-4668-BE54-9A1E7A4F7556}") = "Commons", "src\Commons.csproj", "{37939E41-6019-40F2-B19A-F275058D6EC1}"
EndProject
Project("{FAE04EC0-301F-11D3-BF4B-00C04F79EFBC}") = "CommonsTest", "tests\CommonsTest.csproj", "{1EAE2617-0738-4DCE-B827-1DEF1928D768}"
EndProject
Global
	GlobalSection(SolutionConfigurationPlatforms) = preSolution
		Debug|Any CPU = Debug|Any CPU
		Release|Any CPU = Release|Any CPU
	EndGlobalSection
	GlobalSection(ProjectConfigurationPlatforms) = postSolution
		{37939E41-6019-40F2-B19A-F275058D6EC1}.Debug|Any CPU.ActiveCfg = Debug|Any CPU
		{37939E41-6019-40F2-B19A-F275058D6EC1}.Debug|Any CPU.Build.0 = Debug|Any CPU
		{37939E41-6019-40F2-B19A-F275058D6EC1}.Release|Any CPU.ActiveCfg = Release|Any CPU
		{37939E41-6019-40F2-B19A-F275058D6EC1}.Release|Any CPU.Build.0 = Release|Any CPU
		{1EAE2617-0738-4DCE-B827-1DEF1928D768}.Debug|Any CPU.ActiveCfg = Debug|Any CPU
		{1EAE2617-0738-4DCE-B827-1DEF1928D768}.Debug|Any CPU.Build.0 = Debug|Any CPU
		{1EAE2617-0738-4DCE-B827-1DEF1928D768}.Release|Any CPU.ActiveCfg = Release|Any CPU
		{1EAE2617-0738-4DCE-B827-1DEF1928D768}.Release|Any CPU.Build.0 = Release|Any CPU
	EndGlobalSection
	GlobalSection(SolutionProperties) = preSolution
		HideSolutionNode = FALSE
	EndGlobalSection
	GlobalSection(ExtensibilityGlobals) = postSolution
		SolutionGuid = {DA2D4F79-70C5-4988-8FE0-45971EF4ED81}
	EndGlobalSection
EndGlobal
